<?xml version="1.0" encoding="UTF-8" standalone="yes" ?>
<CodeBlocks_project_file>
	<FileVersion major="1" minor="6" />
	<Project>
		<Option title="clash of basu" />
		<Option pch_mode="2" />
		<Option compiler="gcc" />
		<Build>
			<Target title="Debug">
				<Option output="bin/Debug/clash of basu" prefix_auto="1" extension_auto="1" />
				<Option object_output="obj/Debug/" />
				<Option type="1" />
				<Option compiler="gcc" />
				<Compiler>
					<Add option="-g" />
					<Add directory="include" />
				</Compiler>
			</Target>
			<Target title="Release">
				<Option output="bin/Release/clash of basu" prefix_auto="1" extension_auto="1" />
				<Option object_output="obj/Release/" />
				<Option type="1" />
				<Option compiler="gcc" />
				<Compiler>
					<Add option="-O2" />
					<Add directory="include" />
				</Compiler>
				<Linker>
					<Add option="-s" />
				</Linker>
			</Target>
		</Build>
		<Compiler>
			<Add option="-Wall" />
			<Add option="-fexceptions" />
		</Compiler>
		<Unit filename="include/AlphaMan.h" />
		<Unit filename="include/AlphaManCard.h" />
		<Unit filename="include/BattleField.h" />
		<Unit filename="include/BattleField2.h" />
		<Unit filename="include/BattleMenu.h" />
		<Unit filename="include/Commander.h" />
		<Unit filename="include/CommanderCard.h" />
		<Unit filename="include/DrMarry.h" />
		<Unit filename="include/DrMarryCard.h" />
		<Unit filename="include/Field.h" />
		<Unit filename="include/Field2.h" />
		<Unit filename="include/GeneralDefines.h" />
		<Unit filename="include/Giant.h" />
		<Unit filename="include/GiantCrad.h" />
		<Unit filename="include/Hero.h" />
		<Unit filename="include/HeroCards.h" />
		<Unit filename="include/Kratos.h" />
		<Unit filename="include/KratosCard.h" />
		<Unit filename="include/Leon.h" />
		<Unit filename="include/LeonCard.h" />
		<Unit filename="include/MainMenu.h" />
		<Unit filename="include/MainMenu2.h" />
		<Unit filename="include/MenuControl.h" />
		<Unit filename="include/MrsGhost.h" />
		<Unit filename="include/MrsGhostCard.h" />
		<Unit filename="include/Player.h" />
		<Unit filename="include/Professor.h" />
		<Unit filename="include/ProfessorCard.h" />
		<Unit filename="include/Robi.h" />
		<Unit filename="include/RobiCard.h" />
		<Unit filename="include/Sniper.h" />
		<Unit filename="include/SniperCard.h" />
		<Unit filename="include/StartMenu.h" />
		<Unit filename="include/UI_Menu.h" />
		<Unit filename="main.cpp" />
		<Unit filename="src/AlphaMan.cpp" />
		<Unit filename="src/AlphaManCard.cpp" />
		<Unit filename="src/BattleField.cpp" />
		<Unit filename="src/BattleField2.cpp" />
		<Unit filename="src/BattleMenu.cpp" />
		<Unit filename="src/Commander.cpp" />
		<Unit filename="src/CommanderCard.cpp" />
		<Unit filename="src/DrMarry.cpp" />
		<Unit filename="src/DrMarryCard.cpp" />
		<Unit filename="src/Field.cpp" />
		<Unit filename="src/Field2.cpp" />
		<Unit filename="src/Giant.cpp" />
		<Unit filename="src/GiantCrad.cpp" />
		<Unit filename="src/Hero.cpp" />
		<Unit filename="src/HeroCards.cpp" />
		<Unit filename="src/Kratos.cpp" />
		<Unit filename="src/KratosCard.cpp" />
		<Unit filename="src/Leon.cpp" />
		<Unit filename="src/LeonCard.cpp" />
		<Unit filename="src/MainMenu.cpp" />
		<Unit filename="src/MainMenu2.cpp" />
		<Unit filename="src/MenuControl.cpp" />
		<Unit filename="src/MrsGhost.cpp" />
		<Unit filename="src/MrsGhostCard.cpp" />
		<Unit filename="src/Player.cpp" />
		<Unit filename="src/Professor.cpp" />
		<Unit filename="src/ProfessorCard.cpp" />
		<Unit filename="src/Robi.cpp" />
		<Unit filename="src/RobiCard.cpp" />
		<Unit filename="src/Sniper.cpp" />
		<Unit filename="src/SniperCard.cpp" />
		<Unit filename="src/StartMenu.cpp" />
		<Unit filename="src/UI_Menu.cpp" />
		<Extensions>
			<code_completion />
			<envvars />
			<debugger />
		</Extensions>
	</Project>
</CodeBlocks_project_file>
